// !$*UTF8*$!
{
	archiveVersion = 1;
	classes = {
	};
	objectVersion = 55;
	objects = {

/* Begin PBXBuildFile section */
		2D39A81927F559B700195784 /* AppDelegate.swift in Sources */ = {isa = PBXBuildFile; fileRef = 2D39A81827F559B700195784 /* AppDelegate.swift */; };
		2D39A81B27F559B700195784 /* SceneDelegate.swift in Sources */ = {isa = PBXBuildFile; fileRef = 2D39A81A27F559B700195784 /* SceneDelegate.swift */; };
		2D39A81D27F559B700195784 /* ViewController.swift in Sources */ = {isa = PBXBuildFile; fileRef = 2D39A81C27F559B700195784 /* ViewController.swift */; };
		2D39A82027F559B700195784 /* Main.storyboard in Resources */ = {isa = PBXBuildFile; fileRef = 2D39A81E27F559B700195784 /* Main.storyboard */; };
		2D39A82227F559BA00195784 /* Assets.xcassets in Resources */ = {isa = PBXBuildFile; fileRef = 2D39A82127F559BA00195784 /* Assets.xcassets */; };
		2D39A82527F559BA00195784 /* LaunchScreen.storyboard in Resources */ = {isa = PBXBuildFile; fileRef = 2D39A82327F559BA00195784 /* LaunchScreen.storyboard */; };
		2D39A83227F55A7800195784 /* 4.png in Resources */ = {isa = PBXBuildFile; fileRef = 2D39A82C27F55A7700195784 /* 4.png */; };
		2D39A83327F55A7800195784 /* 5.png in Resources */ = {isa = PBXBuildFile; fileRef = 2D39A82D27F55A7700195784 /* 5.png */; };
		2D39A83427F55A7800195784 /* 6.png in Resources */ = {isa = PBXBuildFile; fileRef = 2D39A82E27F55A7700195784 /* 6.png */; };
		2D39A83527F55A7800195784 /* 1.png in Resources */ = {isa = PBXBuildFile; fileRef = 2D39A82F27F55A7800195784 /* 1.png */; };
		2D39A83627F55A7800195784 /* 2.png in Resources */ = {isa = PBXBuildFile; fileRef = 2D39A83027F55A7800195784 /* 2.png */; };
		2D39A83727F55A7800195784 /* 3.png in Resources */ = {isa = PBXBuildFile; fileRef = 2D39A83127F55A7800195784 /* 3.png */; };
/* End PBXBuildFile section */

/* Begin PBXFileReference section */
		2D39A81527F559B700195784 /* ImageViewer.app */ = {isa = PBXFileReference; explicitFileType = wrapper.application; includeInIndex = 0; path = ImageViewer.app; sourceTree = BUILT_PRODUCTS_DIR; };
		2D39A81827F559B700195784 /* AppDelegate.swift */ = {isa = PBXFileReference; lastKnownFileType = sourcecode.swift; path = AppDelegate.swift; sourceTree = "<group>"; };
		2D39A81A27F559B700195784 /* SceneDelegate.swift */ = {isa = PBXFileReference; lastKnownFileType = sourcecode.swift; path = SceneDelegate.swift; sourceTree = "<group>"; };
		2D39A81C27F559B700195784 /* ViewController.swift */ = {isa = PBXFileReference; lastKnownFileType = sourcecode.swift; path = ViewController.swift; sourceTree = "<group>"; };
		2D39A81F27F559B700195784 /* Base */ = {isa = PBXFileReference; lastKnownFileType = file.storyboard; name = Base; path = Base.lproj/Main.storyboard; sourceTree = "<group>"; };
		2D39A82127F559BA00195784 /* Assets.xcassets */ = {isa = PBXFileReference; lastKnownFileType = folder.assetcatalog; path = Assets.xcassets; sourceTree = "<group>"; };
		2D39A82427F559BA00195784 /* Base */ = {isa = PBXFileReference; lastKnownFileType = file.storyboard; name = Base; path = Base.lproj/LaunchScreen.storyboard; sourceTree = "<group>"; };
		2D39A82627F559BA00195784 /* Info.plist */ = {isa = PBXFileReference; lastKnownFileType = text.plist.xml; path = Info.plist; sourceTree = "<group>"; };
		2D39A82C27F55A7700195784 /* 4.png */ = {isa = PBXFileReference; lastKnownFileType = image.png; path = 4.png; sourceTree = "<group>"; };
		2D39A82D27F55A7700195784 /* 5.png */ = {isa = PBXFileReference; lastKnownFileType = image.png; path = 5.png; sourceTree = "<group>"; };
		2D39A82E27F55A7700195784 /* 6.png */ = {isa = PBXFileReference; lastKnownFileType = image.png; path = 6.png; sourceTree = "<group>"; };
		2D39A82F27F55A7800195784 /* 1.png */ = {isa = PBXFileReference; lastKnownFileType = image.png; path = 1.png; sourceTree = "<group>"; };
		2D39A83027F55A7800195784 /* 2.png */ = {isa = PBXFileReference; lastKnownFileType = image.png; path = 2.png; sourceTree = "<group>"; };
		2D39A83127F55A7800195784 /* 3.png */ = {isa = PBXFileReference; lastKnownFileType = image.png; path = 3.png; sourceTree = "<group>"; };
/* End PBXFileReference section */

/* Begin PBXFrameworksBuildPhase section */
		2D39A81227F559B700195784 /* Frameworks */ = {
			isa = PBXFrameworksBuildPhase;
			buildActionMask = 2147483647;
			files = (
			);
			runOnlyForDeploymentPostprocessing = 0;
		};
/* End PBXFrameworksBuildPhase section */

/* Begin PBXGroup section */
		2D39A80C27F559B700195784 = {
			isa = PBXGroup;
			children = (
				2D39A81727F559B700195784 /* ImageViewer */,
				2D39A81627F559B700195784 /* Products */,
			);
			sourceTree = "<group>";
		};
		2D39A81627F559B700195784 /* Products */ = {
			isa = PBXGroup;
			children = (
				2D39A81527F559B700195784 /* ImageViewer.app */,
			);
			name = Products;
			sourceTree = "<group>";
		};
		2D39A81727F559B700195784 /* ImageViewer */ = {
			isa = PBXGroup;
			children = (
				2D39A82F27F55A7800195784 /* 1.png */,
				2D39A83027F55A7800195784 /* 2.png */,
				2D39A83127F55A7800195784 /* 3.png */,
				2D39A82C27F55A7700195784 /* 4.png */,
				2D39A82D27F55A7700195784 /* 5.png */,
				2D39A82E27F55A7700195784 /* 6.png */,
				2D39A81827F559B700195784 /* AppDelegate.swift */,
				2D39A81A27F559B700195784 /* SceneDelegate.swift */,
				2D39A81C27F559B700195784 /* ViewController.swift */,
				2D39A81E27F559B700195784 /* Main.storyboard */,
				2D39A82127F559BA00195784 /* Assets.xcassets */,
				2D39A82327F559BA00195784 /* LaunchScreen.storyboard */,
				2D39A82627F559BA00195784 /* Info.plist */,
			);
			path = ImageViewer;
			sourceTree = "<group>";
		};
/* End PBXGroup section */

/* Begin PBXNativeTarget section */
		2D39A81427F559B700195784 /* ImageViewer */ = {
			isa = PBXNativeTarget;
			buildConfigurationList = 2D39A82927F559BA00195784 /* Build configuration list for PBXNativeTarget "ImageViewer" */;
			buildPhases = (
				2D39A81127F559B700195784 /* Sources */,
				2D39A81227F559B700195784 /* Frameworks */,
				2D39A81327F559B700195784 /* Resources */,
			);
			buildRules = (
			);
			dependencies = (
			);
			name = ImageViewer;
			productName = ImageViewer;
			productReference = 2D39A81527F559B700195784 /* ImageViewer.app */;
			productType = "com.apple.product-type.application";
		};
/* End PBXNativeTarget section */

/* Begin PBXProject section */
		2D39A80D27F559B700195784 /* Project object */ = {
			isa = PBXProject;
			attributes = {
				BuildIndependentTargetsInParallel = 1;
				LastSwiftUpdateCheck = 1330;
				LastUpgradeCheck = 1330;
				TargetAttributes = {
					2D39A81427F559B700195784 = {
						CreatedOnToolsVersion = 13.3;
					};
				};
			};
			buildConfigurationList = 2D39A81027F559B700195784 /* Build configuration list for PBXProject "ImageViewer" */;
			compatibilityVersion = "Xcode 13.0";
			developmentRegion = en;
			hasScannedForEncodings = 0;
			knownRegions = (
				en,
				Base,
			);
			mainGroup = 2D39A80C27F559B700195784;
			productRefGroup = 2D39A81627F559B700195784 /* Products */;
			projectDirPath = "";
			projectRoot = "";
			targets = (
				2D39A81427F559B700195784 /* ImageViewer */,
			);
		};
/* End PBXProject section */

/* Begin PBXResourcesBuildPhase section */
		2D39A81327F559B700195784 /* Resources */ = {
			isa = PBXResourcesBuildPhase;
			buildActionMask = 2147483647;
			files = (
				2D39A83427F55A7800195784 /* 6.png in Resources */,
				2D39A83227F55A7800195784 /* 4.png in Resources */,
				2D39A83627F55A7800195784 /* 2.png in Resources */,
				2D39A83727F55A7800195784 /* 3.png in Resources */,
				2D39A83327F55A7800195784 /* 5.png in Resources */,
				2D39A82527F559BA00195784 /* LaunchScreen.storyboard in Resources */,
				2D39A82227F559BA00195784 /* Assets.xcassets in Resources */,
				2D39A82027F559B700195784 /* Main.storyboard in Resources */,
				2D39A83527F55A7800195784 /* 1.png in Resources */,
			);
			runOnlyForDeploymentPostprocessing = 0;
		};
/* End PBXResourcesBuildPhase section */

/* Begin PBXSourcesBuildPhase section */
		2D39A81127F559B700195784 /* Sources */ = {
			isa = PBXSourcesBuildPhase;
			buildActionMask = 2147483647;
			files = (
				2D39A81D27F559B700195784 /* ViewController.swift in Sources */,
				2D39A81927F559B700195784 /* AppDelegate.swift in Sources */,
				2D39A81B27F559B700195784 /* SceneDelegate.swift in Sources */,
			);
			runOnlyForDeploymentPostprocessing = 0;
		};
/* End PBXSourcesBuildPhase section */

/* Begin PBXVariantGroup section */
		2D39A81E27F559B700195784 /* Main.storyboard */ = {
			isa = PBXVariantGroup;
			children = (
				2D39A81F27F559B700195784 /* Base */,
			);
			name = Main.storyboard;
			sourceTree = "<group>";
		};
		2D39A82327F559BA00195784 /* LaunchScreen.storyboard */ = {
			isa = PBXVariantGroup;
			children = (
				2D39A82427F559BA00195784 /* Base */,
			);
			name = LaunchScreen.storyboard;
			sourceTree = "<group>";
		};
/* End PBXVariantGroup section */

/* Begin XCBuildConfiguration section */
		2D39A82727F559BA00195784 /* Debug */ = {
			isa = XCBuildConfiguration;
			buildSettings = {
				ALWAYS_SEARCH_USER_PATHS = NO;
				CLANG_ANALYZER_NONNULL = YES;
				CLANG_ANALYZER_NUMBER_OBJECT_CONVERSION = YES_AGGRESSIVE;
				CLANG_CXX_LANGUAGE_STANDARD = "gnu++17";
				CLANG_ENABLE_MODULES = YES;
				CLANG_ENABLE_OBJC_ARC = YES;
				CLANG_ENABLE_OBJC_WEAK = YES;
				CLANG_WARN_BLOCK_CAPTURE_AUTORELEASING = YES;
				CLANG_WARN_BOOL_CONVERSION = YES;
				CLANG_WARN_COMMA = YES;
				CLANG_WARN_CONSTANT_CONVERSION = YES;
				CLANG_WARN_DEPRECATED_OBJC_IMPLEMENTATIONS = YES;
				CLANG_WARN_DIRECT_OBJC_ISA_USAGE = YES_ERROR;
				CLANG_WARN_DOCUMENTATION_COMMENTS = YES;
				CLANG_WARN_EMPTY_BODY = YES;
				CLANG_WARN_ENUM_CONVERSION = YES;
				CLANG_WARN_INFINITE_RECURSION = YES;
				CLANG_WARN_INT_CONVERSION = YES;
				CLANG_WARN_NON_LITERAL_NULL_CONVERSION = YES;
				CLANG_WARN_OBJC_IMPLICIT_RETAIN_SELF = YES;
				CLANG_WARN_OBJC_LITERAL_CONVERSION = YES;
				CLANG_WARN_OBJC_ROOT_CLASS = YES_ERROR;
				CLANG_WARN_QUOTED_INCLUDE_IN_FRAMEWORK_HEADER = YES;
				CLANG_WARN_RANGE_LOOP_ANALYSIS = YES;
				CLANG_WARN_STRICT_PROTOTYPES = YES;
				CLANG_WARN_SUSPICIOUS_MOVE = YES;
				CLANG_WARN_UNGUARDED_AVAILABILITY = YES_AGGRESSIVE;
				CLANG_WARN_UNREACHABLE_CODE = YES;
				CLANG_WARN__DUPLICATE_METHOD_MATCH = YES;
				COPY_PHASE_STRIP = NO;
				DEBUG_INFORMATION_FORMAT = dwarf;
				ENABLE_STRICT_OBJC_MSGSEND = YES;
				ENABLE_TESTABILITY = YES;
				GCC_C_LANGUAGE_STANDARD = gnu11;
				GCC_DYNAMIC_NO_PIC = NO;
				GCC_NO_COMMON_BLOCKS = YES;
				GCC_OPTIMIZATION_LEVEL = 0;
				GCC_PREPROCESSOR_DEFINITIONS = (
					"DEBUG=1",
					"$(inherited)",
				);
				GCC_WARN_64_TO_32_BIT_CONVERSION = YES;
				GCC_WARN_ABOUT_RETURN_TYPE = YES_ERROR;
				GCC_WARN_UNDECLARED_SELECTOR = YES;
				GCC_WARN_UNINITIALIZED_AUTOS = YES_AGGRESSIVE;
				GCC_WARN_UNUSED_FUNCTION = YES;
				GCC_WARN_UNUSED_VARIABLE = YES;
				IPHONEOS_DEPLOYMENT_TARGET = 15.4;
				MTL_ENABLE_DEBUG_INFO = INCLUDE_SOURCE;
				MTL_FAST_MATH = YES;
				ONLY_ACTIVE_ARCH = YES;
				SDKROOT = iphoneos;
				SWIFT_ACTIVE_COMPILATION_CONDITIONS = DEBUG;
				SWIFT_OPTIMIZATION_LEVEL = "-Onone";
			};
			name = Debug;
		};
		2D39A82827F559BA00195784 /* Release */ = {
			isa = XCBuildConfiguration;
			buildSettings = {
				ALWAYS_SEARCH_USER_PATHS = NO;
				CLANG_ANALYZER_NONNULL = YES;
				CLANG_ANALYZER_NUMBER_OBJECT_CONVERSION = YES_AGGRESSIVE;
				CLANG_CXX_LANGUAGE_STANDARD = "gnu++17";
				CLANG_ENABLE_MODULES = YES;
				CLANG_ENABLE_OBJC_ARC = YES;
				CLANG_ENABLE_OBJC_WEAK = YES;
				CLANG_WARN_BLOCK_CAPTURE_AUTORELEASING = YES;
				CLANG_WARN_BOOL_CONVERSION = YES;
				CLANG_WARN_COMMA = YES;
				CLANG_WARN_CONSTANT_CONVERSION = YES;
				CLANG_WARN_DEPRECATED_OBJC_IMPLEMENTATIONS = YES;
				CLANG_WARN_DIRECT_OBJC_ISA_USAGE = YES_ERROR;
				CLANG_WARN_DOCUMENTATION_COMMENTS = YES;
				CLANG_WARN_EMPTY_BODY = YES;
				CLANG_WARN_ENUM_CONVERSION = YES;
				CLANG_WARN_INFINITE_RECURSION = YES;
				CLANG_WARN_INT_CONVERSION = YES;
				CLANG_WARN_NON_LITERAL_NULL_CONVERSION = YES;
				CLANG_WARN_OBJC_IMPLICIT_RETAIN_SELF = YES;
				CLANG_WARN_OBJC_LITERAL_CONVERSION = YES;
				CLANG_WARN_OBJC_ROOT_CLASS = YES_ERROR;
				CLANG_WARN_QUOTED_INCLUDE_IN_FRAMEWORK_HEADER = YES;
				CLANG_WARN_RANGE_LOOP_ANALYSIS = YES;
				CLANG_WARN_STRICT_PROTOTYPES = YES;
				CLANG_WARN_SUSPICIOUS_MOVE = YES;
				CLANG_WARN_UNGUARDED_AVAILABILITY = YES_AGGRESSIVE;
				CLANG_WARN_UNREACHABLE_CODE = YES;
				CLANG_WARN__DUPLICATE_METHOD_MATCH = YES;
				COPY_PHASE_STRIP = NO;
				DEBUG_INFORMATION_FORMAT = "dwarf-with-dsym";
				ENABLE_NS_ASSERTIONS = NO;
				ENABLE_STRICT_OBJC_MSGSEND = YES;
				GCC_C_LANGUAGE_STANDARD = gnu11;
				GCC_NO_COMMON_BLOCKS = YES;
				GCC_WARN_64_TO_32_BIT_CONVERSION = YES;
				GCC_WARN_ABOUT_RETURN_TYPE = YES_ERROR;
				GCC_WARN_UNDECLARED_SELECTOR = YES;
				GCC_WARN_UNINITIALIZED_AUTOS = YES_AGGRESSIVE;
				GCC_WARN_UNUSED_FUNCTION = YES;
				GCC_WARN_UNUSED_VARIABLE = YES;
				IPHONEOS_DEPLOYMENT_TARGET = 15.4;
				MTL_ENABLE_DEBUG_INFO = NO;
				MTL_FAST_MATH = YES;
				SDKROOT = iphoneos;
				SWIFT_COMPILATION_MODE = wholemodule;
				SWIFT_OPTIMIZATION_LEVEL = "-O";
				VALIDATE_PRODUCT = YES;
			};
			name = Release;
		};
		2D39A82A27F559BA00195784 /* Debug */ = {
			isa = XCBuildConfiguration;
			buildSettings = {
				ASSETCATALOG_COMPILER_APPICON_NAME = AppIcon;
				ASSETCATALOG_COMPILER_GLOBAL_ACCENT_COLOR_NAME = AccentColor;
				CODE_SIGN_STYLE = Automatic;
				CURRENT_PROJECT_VERSION = 1;
				GENERATE_INFOPLIST_FILE = YES;
				INFOPLIST_FILE = ImageViewer/Info.plist;
				INFOPLIST_KEY_UIApplicationSupportsIndirectInputEvents = YES;
				INFOPLIST_KEY_UILaunchStoryboardName = LaunchScreen;
				INFOPLIST_KEY_UIMainStoryboardFile = Main;
				INFOPLIST_KEY_UISupportedInterfaceOrientations_iPad = "UIInterfaceOrientationPortrait UIInterfaceOrientationPortraitUpsideDown UIInterfaceOrientationLandscapeLeft UIInterfaceOrientationLandscapeRight";
				INFOPLIST_KEY_UISupportedInterfaceOrientations_iPhone = "UIInterfaceOrientationPortrait UIInterfaceOrientationLandscapeLeft UIInterfaceOrientationLandscapeRight";
				LD_RUNPATH_SEARCH_PATHS = (
					"$(inherited)",
					"@executable_path/Frameworks",
				);
				MARKETING_VERSION = 1.0;
				PRODUCT_BUNDLE_IDENTIFIER = gaeunjoo.ImageViewer;
				PRODUCT_NAME = "$(TARGET_NAME)";
				SWIFT_EMIT_LOC_STRINGS = YES;
				SWIFT_VERSION = 5.0;
				TARGETED_DEVICE_FAMILY = "1,2";
			};
			name = Debug;
		};
		2D39A82B27F559BA00195784 /* Release */ = {
			isa = XCBuildConfiguration;
			buildSettings = {
				ASSETCATALOG_COMPILER_APPICON_NAME = AppIcon;
				ASSETCATALOG_COMPILER_GLOBAL_ACCENT_COLOR_NAME = AccentColor;
				CODE_SIGN_STYLE = Automatic;
				CURRENT_PROJECT_VERSION = 1;
				GENERATE_INFOPLIST_FILE = YES;
				INFOPLIST_FILE = ImageViewer/Info.plist;
				INFOPLIST_KEY_UIApplicationSupportsIndirectInputEvents = YES;
				INFOPLIST_KEY_UILaunchStoryboardName = LaunchScreen;
				INFOPLIST_KEY_UIMainStoryboardFile = Main;
				INFOPLIST_KEY_UISupportedInterfaceOrientations_iPad = "UIInterfaceOrientationPortrait UIInterfaceOrientationPortraitUpsideDown UIInterfaceOrientationLandscapeLeft UIInterfaceOrientationLandscapeRight";
				INFOPLIST_KEY_UISupportedInterfaceOrientations_iPhone = "UIInterfaceOrientationPortrait UIInterfaceOrientationLandscapeLeft UIInterfaceOrientationLandscapeRight";
				LD_RUNPATH_SEARCH_PATHS = (
					"$(inherited)",
					"@executable_path/Frameworks",
				);
				MARKETING_VERSION = 1.0;
				PRODUCT_BUNDLE_IDENTIFIER = gaeunjoo.ImageViewer;
				PRODUCT_NAME = "$(TARGET_NAME)";
				SWIFT_EMIT_LOC_STRINGS = YES;
				SWIFT_VERSION = 5.0;
				TARGETED_DEVICE_FAMILY = "1,2";
			};
			name = Release;
		};
/* End XCBuildConfiguration section */

/* Begin XCConfigurationList section */
		2D39A81027F559B700195784 /* Build configuration list for PBXProject "ImageViewer" */ = {
			isa = XCConfigurationList;
			buildConfigurations = (
				2D39A82727F559BA00195784 /* Debug */,
				2D39A82827F559BA00195784 /* Release */,
			);
			defaultConfigurationIsVisible = 0;
			defaultConfigurationName = Release;
		};
		2D39A82927F559BA00195784 /* Build configuration list for PBXNativeTarget "ImageViewer" */ = {
			isa = XCConfigurationList;
			buildConfigurations = (
				2D39A82A27F559BA00195784 /* Debug */,
				2D39A82B27F559BA00195784 /* Release */,
			);
			defaultConfigurationIsVisible = 0;
			defaultConfigurationName = Release;
		};
/* End XCConfigurationList section */
	};
	rootObject = 2D39A80D27F559B700195784 /* Project object */;
}
